// !$*UTF8*$!
{
	archiveVersion = 1;
	classes = {
	};
	objectVersion = 51;
	objects = {

/* Begin PBXBuildFile section */
		6E3538CF2450806400F6E79D /* AppDelegate.swift in Sources */ = {isa = PBXBuildFile; fileRef = 6E3538CE2450806400F6E79D /* AppDelegate.swift */; };
		6E3538D12450806400F6E79D /* SceneDelegate.swift in Sources */ = {isa = PBXBuildFile; fileRef = 6E3538D02450806400F6E79D /* SceneDelegate.swift */; };
		6E3538D32450806400F6E79D /* FeedViewController.swift in Sources */ = {isa = PBXBuildFile; fileRef = 6E3538D22450806400F6E79D /* FeedViewController.swift */; };
		6E3538D52450806400F6E79D /* GroupsViewController.swift in Sources */ = {isa = PBXBuildFile; fileRef = 6E3538D42450806400F6E79D /* GroupsViewController.swift */; };
		6E3538D82450806400F6E79D /* Main.storyboard in Resources */ = {isa = PBXBuildFile; fileRef = 6E3538D62450806400F6E79D /* Main.storyboard */; };
		6E3538DA2450806900F6E79D /* Assets.xcassets in Resources */ = {isa = PBXBuildFile; fileRef = 6E3538D92450806900F6E79D /* Assets.xcassets */; };
		6E3538EA245081F700F6E79D /* GoogleService-Info.plist in Resources */ = {isa = PBXBuildFile; fileRef = 6E3538E9245081F700F6E79D /* GoogleService-Info.plist */; };
		6E3D3641245311E000E19576 /* FeedTableViewCell.swift in Sources */ = {isa = PBXBuildFile; fileRef = 6E3D3640245311E000E19576 /* FeedTableViewCell.swift */; };
		6E3D36432453180500E19576 /* Message.swift in Sources */ = {isa = PBXBuildFile; fileRef = 6E3D36422453180500E19576 /* Message.swift */; };
		6E3D3645245354C500E19576 /* CreateGroupViewController.swift in Sources */ = {isa = PBXBuildFile; fileRef = 6E3D3644245354C500E19576 /* CreateGroupViewController.swift */; };
		6E3D364724537FF400E19576 /* UserTableViewCell.swift in Sources */ = {isa = PBXBuildFile; fileRef = 6E3D364624537FF400E19576 /* UserTableViewCell.swift */; };
		6E6F3A562451A3FE0049CD12 /* AuthService.swift in Sources */ = {isa = PBXBuildFile; fileRef = 6E6F3A552451A3FE0049CD12 /* AuthService.swift */; };
		6E6F3A582451CEAB0049CD12 /* Constants.swift in Sources */ = {isa = PBXBuildFile; fileRef = 6E6F3A572451CEAB0049CD12 /* Constants.swift */; };
		6E6F3A5A2451EE9C0049CD12 /* MeViewController.swift in Sources */ = {isa = PBXBuildFile; fileRef = 6E6F3A592451EE9C0049CD12 /* MeViewController.swift */; };
		6E6F3A5C2451F0E20049CD12 /* RootViewController.swift in Sources */ = {isa = PBXBuildFile; fileRef = 6E6F3A5B2451F0E20049CD12 /* RootViewController.swift */; };
		6E6F3A5E245208CE0049CD12 /* PostViewController.swift in Sources */ = {isa = PBXBuildFile; fileRef = 6E6F3A5D245208CE0049CD12 /* PostViewController.swift */; };
		6E6F3A60245231D30049CD12 /* KeyboardExtensions.swift in Sources */ = {isa = PBXBuildFile; fileRef = 6E6F3A5F245231D30049CD12 /* KeyboardExtensions.swift */; };
		6E9EE90D24508D8800E132E9 /* DataService.swift in Sources */ = {isa = PBXBuildFile; fileRef = 6E9EE90C24508D8800E132E9 /* DataService.swift */; };
		6E9EE90F2450BFAA00E132E9 /* AuthViewController.swift in Sources */ = {isa = PBXBuildFile; fileRef = 6E9EE90E2450BFAA00E132E9 /* AuthViewController.swift */; };
		6E9EE9112450BFEF00E132E9 /* LoginViewController.swift in Sources */ = {isa = PBXBuildFile; fileRef = 6E9EE9102450BFEF00E132E9 /* LoginViewController.swift */; };
		6E9EE9132450C04600E132E9 /* InsetTextField.swift in Sources */ = {isa = PBXBuildFile; fileRef = 6E9EE9122450C04600E132E9 /* InsetTextField.swift */; };
		6E9EE9152450C32A00E132E9 /* ShadowView.swift in Sources */ = {isa = PBXBuildFile; fileRef = 6E9EE9142450C32A00E132E9 /* ShadowView.swift */; };
		DD37B4407807B1B38D3347D5 /* Pods_breakpoint.framework in Frameworks */ = {isa = PBXBuildFile; fileRef = 6D5D3517E9122AD04ED929ED /* Pods_breakpoint.framework */; };
/* End PBXBuildFile section */

/* Begin PBXFileReference section */
		5570A6B3EA1C998717A19E67 /* Pods-breakpoint.debug.xcconfig */ = {isa = PBXFileReference; includeInIndex = 1; lastKnownFileType = text.xcconfig; name = "Pods-breakpoint.debug.xcconfig"; path = "Pods/Target Support Files/Pods-breakpoint/Pods-breakpoint.debug.xcconfig"; sourceTree = "<group>"; };
		6D5D3517E9122AD04ED929ED /* Pods_breakpoint.framework */ = {isa = PBXFileReference; explicitFileType = wrapper.framework; includeInIndex = 0; path = Pods_breakpoint.framework; sourceTree = BUILT_PRODUCTS_DIR; };
		6E3538CB2450806400F6E79D /* Breakpoint.app */ = {isa = PBXFileReference; explicitFileType = wrapper.application; includeInIndex = 0; path = Breakpoint.app; sourceTree = BUILT_PRODUCTS_DIR; };
		6E3538CE2450806400F6E79D /* AppDelegate.swift */ = {isa = PBXFileReference; lastKnownFileType = sourcecode.swift; path = AppDelegate.swift; sourceTree = "<group>"; };
		6E3538D02450806400F6E79D /* SceneDelegate.swift */ = {isa = PBXFileReference; lastKnownFileType = sourcecode.swift; path = SceneDelegate.swift; sourceTree = "<group>"; };
		6E3538D22450806400F6E79D /* FeedViewController.swift */ = {isa = PBXFileReference; lastKnownFileType = sourcecode.swift; path = FeedViewController.swift; sourceTree = "<group>"; };
		6E3538D42450806400F6E79D /* GroupsViewController.swift */ = {isa = PBXFileReference; lastKnownFileType = sourcecode.swift; path = GroupsViewController.swift; sourceTree = "<group>"; };
		6E3538D72450806400F6E79D /* Base */ = {isa = PBXFileReference; lastKnownFileType = file.storyboard; name = Base; path = Base.lproj/Main.storyboard; sourceTree = "<group>"; };
		6E3538D92450806900F6E79D /* Assets.xcassets */ = {isa = PBXFileReference; lastKnownFileType = folder.assetcatalog; path = Assets.xcassets; sourceTree = "<group>"; };
		6E3538DE2450806900F6E79D /* Info.plist */ = {isa = PBXFileReference; lastKnownFileType = text.plist.xml; path = Info.plist; sourceTree = "<group>"; };
		6E3538E9245081F700F6E79D /* GoogleService-Info.plist */ = {isa = PBXFileReference; fileEncoding = 4; lastKnownFileType = text.plist.xml; path = "GoogleService-Info.plist"; sourceTree = "<group>"; };
		6E3D3640245311E000E19576 /* FeedTableViewCell.swift */ = {isa = PBXFileReference; lastKnownFileType = sourcecode.swift; path = FeedTableViewCell.swift; sourceTree = "<group>"; };
		6E3D36422453180500E19576 /* Message.swift */ = {isa = PBXFileReference; lastKnownFileType = sourcecode.swift; path = Message.swift; sourceTree = "<group>"; };
		6E3D3644245354C500E19576 /* CreateGroupViewController.swift */ = {isa = PBXFileReference; lastKnownFileType = sourcecode.swift; path = CreateGroupViewController.swift; sourceTree = "<group>"; };
		6E3D364624537FF400E19576 /* UserTableViewCell.swift */ = {isa = PBXFileReference; lastKnownFileType = sourcecode.swift; path = UserTableViewCell.swift; sourceTree = "<group>"; };
		6E6F3A552451A3FE0049CD12 /* AuthService.swift */ = {isa = PBXFileReference; lastKnownFileType = sourcecode.swift; path = AuthService.swift; sourceTree = "<group>"; };
		6E6F3A572451CEAB0049CD12 /* Constants.swift */ = {isa = PBXFileReference; lastKnownFileType = sourcecode.swift; path = Constants.swift; sourceTree = "<group>"; };
		6E6F3A592451EE9C0049CD12 /* MeViewController.swift */ = {isa = PBXFileReference; lastKnownFileType = sourcecode.swift; path = MeViewController.swift; sourceTree = "<group>"; };
		6E6F3A5B2451F0E20049CD12 /* RootViewController.swift */ = {isa = PBXFileReference; lastKnownFileType = sourcecode.swift; path = RootViewController.swift; sourceTree = "<group>"; };
		6E6F3A5D245208CE0049CD12 /* PostViewController.swift */ = {isa = PBXFileReference; lastKnownFileType = sourcecode.swift; path = PostViewController.swift; sourceTree = "<group>"; };
		6E6F3A5F245231D30049CD12 /* KeyboardExtensions.swift */ = {isa = PBXFileReference; lastKnownFileType = sourcecode.swift; path = KeyboardExtensions.swift; sourceTree = "<group>"; };
		6E9EE90C24508D8800E132E9 /* DataService.swift */ = {isa = PBXFileReference; lastKnownFileType = sourcecode.swift; path = DataService.swift; sourceTree = "<group>"; };
		6E9EE90E2450BFAA00E132E9 /* AuthViewController.swift */ = {isa = PBXFileReference; lastKnownFileType = sourcecode.swift; path = AuthViewController.swift; sourceTree = "<group>"; };
		6E9EE9102450BFEF00E132E9 /* LoginViewController.swift */ = {isa = PBXFileReference; lastKnownFileType = sourcecode.swift; path = LoginViewController.swift; sourceTree = "<group>"; };
		6E9EE9122450C04600E132E9 /* InsetTextField.swift */ = {isa = PBXFileReference; lastKnownFileType = sourcecode.swift; path = InsetTextField.swift; sourceTree = "<group>"; };
		6E9EE9142450C32A00E132E9 /* ShadowView.swift */ = {isa = PBXFileReference; lastKnownFileType = sourcecode.swift; path = ShadowView.swift; sourceTree = "<group>"; };
		7498B98862C1752113A7B465 /* Pods-breakpoint.release.xcconfig */ = {isa = PBXFileReference; includeInIndex = 1; lastKnownFileType = text.xcconfig; name = "Pods-breakpoint.release.xcconfig"; path = "Target Support Files/Pods-breakpoint/Pods-breakpoint.release.xcconfig"; sourceTree = "<group>"; };
		9F45B9F11EEF2BF8AB7A9435 /* Pods-breakpoint.release.xcconfig */ = {isa = PBXFileReference; includeInIndex = 1; lastKnownFileType = text.xcconfig; name = "Pods-breakpoint.release.xcconfig"; path = "Pods/Target Support Files/Pods-breakpoint/Pods-breakpoint.release.xcconfig"; sourceTree = "<group>"; };
		FB3D10DAD8CD3A8B87575037 /* Pods-breakpoint.debug.xcconfig */ = {isa = PBXFileReference; includeInIndex = 1; lastKnownFileType = text.xcconfig; name = "Pods-breakpoint.debug.xcconfig"; path = "Target Support Files/Pods-breakpoint/Pods-breakpoint.debug.xcconfig"; sourceTree = "<group>"; };
/* End PBXFileReference section */

/* Begin PBXFrameworksBuildPhase section */
		6E3538C82450806400F6E79D /* Frameworks */ = {
			isa = PBXFrameworksBuildPhase;
			buildActionMask = 2147483647;
			files = (
				DD37B4407807B1B38D3347D5 /* Pods_breakpoint.framework in Frameworks */,
			);
			runOnlyForDeploymentPostprocessing = 0;
		};
/* End PBXFrameworksBuildPhase section */

/* Begin PBXGroup section */
		2AAC6B516939ECECA2AA3D8C /* Frameworks */ = {
			isa = PBXGroup;
			children = (
				6D5D3517E9122AD04ED929ED /* Pods_breakpoint.framework */,
			);
			name = Frameworks;
			sourceTree = "<group>";
		};
		6E3538C22450806400F6E79D = {
			isa = PBXGroup;
			children = (
				6E3538CD2450806400F6E79D /* breakpoint */,
				6E3538CC2450806400F6E79D /* Products */,
				DFBD0FC1F432333A48E388E0 /* Pods */,
				2AAC6B516939ECECA2AA3D8C /* Frameworks */,
			);
			sourceTree = "<group>";
		};
		6E3538CC2450806400F6E79D /* Products */ = {
			isa = PBXGroup;
			children = (
				6E3538CB2450806400F6E79D /* Breakpoint.app */,
			);
			name = Products;
			sourceTree = "<group>";
		};
		6E3538CD2450806400F6E79D /* breakpoint */ = {
			isa = PBXGroup;
			children = (
				6E3538E82450810000F6E79D /* Services */,
				6E3538E7245080D600F6E79D /* Extensions */,
				6E3538E6245080C500F6E79D /* Models */,
				6E3538E5245080C000F6E79D /* Views */,
				6E3538E42450809E00F6E79D /* Controllers */,
				6E3538CE2450806400F6E79D /* AppDelegate.swift */,
				6E6F3A572451CEAB0049CD12 /* Constants.swift */,
				6E3538D02450806400F6E79D /* SceneDelegate.swift */,
				6E3538D62450806400F6E79D /* Main.storyboard */,
				6E3538D92450806900F6E79D /* Assets.xcassets */,
				6E3538DE2450806900F6E79D /* Info.plist */,
				6E3538E9245081F700F6E79D /* GoogleService-Info.plist */,
			);
			path = breakpoint;
			sourceTree = "<group>";
		};
		6E3538E42450809E00F6E79D /* Controllers */ = {
			isa = PBXGroup;
			children = (
				6E9EE90E2450BFAA00E132E9 /* AuthViewController.swift */,
				6E3D3644245354C500E19576 /* CreateGroupViewController.swift */,
				6E3538D22450806400F6E79D /* FeedViewController.swift */,
				6E3538D42450806400F6E79D /* GroupsViewController.swift */,
				6E9EE9102450BFEF00E132E9 /* LoginViewController.swift */,
				6E6F3A592451EE9C0049CD12 /* MeViewController.swift */,
				6E6F3A5D245208CE0049CD12 /* PostViewController.swift */,
				6E6F3A5B2451F0E20049CD12 /* RootViewController.swift */,
			);
			path = Controllers;
			sourceTree = "<group>";
		};
		6E3538E5245080C000F6E79D /* Views */ = {
			isa = PBXGroup;
			children = (
				6E9EE9122450C04600E132E9 /* InsetTextField.swift */,
				6E9EE9142450C32A00E132E9 /* ShadowView.swift */,
				6E3D3640245311E000E19576 /* FeedTableViewCell.swift */,
				6E3D364624537FF400E19576 /* UserTableViewCell.swift */,
			);
			path = Views;
			sourceTree = "<group>";
		};
		6E3538E6245080C500F6E79D /* Models */ = {
			isa = PBXGroup;
			children = (
				6E3D36422453180500E19576 /* Message.swift */,
			);
			path = Models;
			sourceTree = "<group>";
		};
		6E3538E7245080D600F6E79D /* Extensions */ = {
			isa = PBXGroup;
			children = (
				6E6F3A5F245231D30049CD12 /* KeyboardExtensions.swift */,
			);
			path = Extensions;
			sourceTree = "<group>";
		};
		6E3538E82450810000F6E79D /* Services */ = {
			isa = PBXGroup;
			children = (
				6E6F3A552451A3FE0049CD12 /* AuthService.swift */,
				6E9EE90C24508D8800E132E9 /* DataService.swift */,
			);
			path = Services;
			sourceTree = "<group>";
		};
		DFBD0FC1F432333A48E388E0 /* Pods */ = {
			isa = PBXGroup;
			children = (
				FB3D10DAD8CD3A8B87575037 /* Pods-breakpoint.debug.xcconfig */,
				7498B98862C1752113A7B465 /* Pods-breakpoint.release.xcconfig */,
				5570A6B3EA1C998717A19E67 /* Pods-breakpoint.debug.xcconfig */,
				9F45B9F11EEF2BF8AB7A9435 /* Pods-breakpoint.release.xcconfig */,
			);
			path = Pods;
			sourceTree = "<group>";
		};
/* End PBXGroup section */

/* Begin PBXNativeTarget section */
		6E3538CA2450806400F6E79D /* breakpoint */ = {
			isa = PBXNativeTarget;
			buildConfigurationList = 6E3538E12450806900F6E79D /* Build configuration list for PBXNativeTarget "breakpoint" */;
			buildPhases = (
				9A4B4FE51D535FB2B832DE2D /* [CP] Check Pods Manifest.lock */,
				6E3538C72450806400F6E79D /* Sources */,
				6E3538C82450806400F6E79D /* Frameworks */,
				6E3538C92450806400F6E79D /* Resources */,
				8A66AFF139C5C63FCB7CF33E /* [CP] Embed Pods Frameworks */,
			);
			buildRules = (
			);
			dependencies = (
			);
			name = breakpoint;
			productName = breakpoint;
			productReference = 6E3538CB2450806400F6E79D /* Breakpoint.app */;
			productType = "com.apple.product-type.application";
		};
/* End PBXNativeTarget section */

/* Begin PBXProject section */
		6E3538C32450806400F6E79D /* Project object */ = {
			isa = PBXProject;
			attributes = {
				LastSwiftUpdateCheck = 1140;
				LastUpgradeCheck = 1140;
				ORGANIZATIONNAME = "Chris Mercer";
				TargetAttributes = {
					6E3538CA2450806400F6E79D = {
						CreatedOnToolsVersion = 11.4.1;
					};
				};
			};
			buildConfigurationList = 6E3538C62450806400F6E79D /* Build configuration list for PBXProject "breakpoint" */;
			compatibilityVersion = "Xcode 9.3";
			developmentRegion = en;
			hasScannedForEncodings = 0;
			knownRegions = (
				en,
				Base,
			);
			mainGroup = 6E3538C22450806400F6E79D;
			productRefGroup = 6E3538CC2450806400F6E79D /* Products */;
			projectDirPath = "";
			projectRoot = "";
			targets = (
				6E3538CA2450806400F6E79D /* breakpoint */,
			);
		};
/* End PBXProject section */

/* Begin PBXResourcesBuildPhase section */
		6E3538C92450806400F6E79D /* Resources */ = {
			isa = PBXResourcesBuildPhase;
			buildActionMask = 2147483647;
			files = (
				6E3538EA245081F700F6E79D /* GoogleService-Info.plist in Resources */,
				6E3538DA2450806900F6E79D /* Assets.xcassets in Resources */,
				6E3538D82450806400F6E79D /* Main.storyboard in Resources */,
			);
			runOnlyForDeploymentPostprocessing = 0;
		};
/* End PBXResourcesBuildPhase section */

/* Begin PBXShellScriptBuildPhase section */
		8A66AFF139C5C63FCB7CF33E /* [CP] Embed Pods Frameworks */ = {
			isa = PBXShellScriptBuildPhase;
			buildActionMask = 2147483647;
			files = (
			);
			inputFileListPaths = (
				"${PODS_ROOT}/Target Support Files/Pods-breakpoint/Pods-breakpoint-frameworks-${CONFIGURATION}-input-files.xcfilelist",
			);
			name = "[CP] Embed Pods Frameworks";
			outputFileListPaths = (
				"${PODS_ROOT}/Target Support Files/Pods-breakpoint/Pods-breakpoint-frameworks-${CONFIGURATION}-output-files.xcfilelist",
			);
			runOnlyForDeploymentPostprocessing = 0;
			shellPath = /bin/sh;
			shellScript = "\"${PODS_ROOT}/Target Support Files/Pods-breakpoint/Pods-breakpoint-frameworks.sh\"\n";
			showEnvVarsInLog = 0;
		};
		9A4B4FE51D535FB2B832DE2D /* [CP] Check Pods Manifest.lock */ = {
			isa = PBXShellScriptBuildPhase;
			buildActionMask = 2147483647;
			files = (
			);
			inputPaths = (
				"${PODS_PODFILE_DIR_PATH}/Podfile.lock",
				"${PODS_ROOT}/Manifest.lock",
			);
			name = "[CP] Check Pods Manifest.lock";
			outputPaths = (
				"$(DERIVED_FILE_DIR)/Pods-breakpoint-checkManifestLockResult.txt",
			);
			runOnlyForDeploymentPostprocessing = 0;
			shellPath = /bin/sh;
			shellScript = "diff \"${PODS_PODFILE_DIR_PATH}/Podfile.lock\" \"${PODS_ROOT}/Manifest.lock\" > /dev/null\nif [ $? != 0 ] ; then\n    # print error to STDERR\n    echo \"error: The sandbox is not in sync with the Podfile.lock. Run 'pod install' or update your CocoaPods installation.\" >&2\n    exit 1\nfi\n# This output is used by Xcode 'outputs' to avoid re-running this script phase.\necho \"SUCCESS\" > \"${SCRIPT_OUTPUT_FILE_0}\"\n";
			showEnvVarsInLog = 0;
		};
/* End PBXShellScriptBuildPhase section */

/* Begin PBXSourcesBuildPhase section */
		6E3538C72450806400F6E79D /* Sources */ = {
			isa = PBXSourcesBuildPhase;
			buildActionMask = 2147483647;
			files = (
				6E9EE9152450C32A00E132E9 /* ShadowView.swift in Sources */,
				6E6F3A582451CEAB0049CD12 /* Constants.swift in Sources */,
				6E6F3A5E245208CE0049CD12 /* PostViewController.swift in Sources */,
				6E3D36432453180500E19576 /* Message.swift in Sources */,
				6E9EE9112450BFEF00E132E9 /* LoginViewController.swift in Sources */,
				6E9EE90F2450BFAA00E132E9 /* AuthViewController.swift in Sources */,
				6E6F3A5C2451F0E20049CD12 /* RootViewController.swift in Sources */,
				6E3538D52450806400F6E79D /* GroupsViewController.swift in Sources */,
				6E3538D32450806400F6E79D /* FeedViewController.swift in Sources */,
				6E6F3A5A2451EE9C0049CD12 /* MeViewController.swift in Sources */,
				6E3D3641245311E000E19576 /* FeedTableViewCell.swift in Sources */,
				6E3538CF2450806400F6E79D /* AppDelegate.swift in Sources */,
				6E3D364724537FF400E19576 /* UserTableViewCell.swift in Sources */,
				6E6F3A60245231D30049CD12 /* KeyboardExtensions.swift in Sources */,
				6E3538D12450806400F6E79D /* SceneDelegate.swift in Sources */,
				6E3D3645245354C500E19576 /* CreateGroupViewController.swift in Sources */,
				6E6F3A562451A3FE0049CD12 /* AuthService.swift in Sources */,
				6E9EE9132450C04600E132E9 /* InsetTextField.swift in Sources */,
				6E9EE90D24508D8800E132E9 /* DataService.swift in Sources */,
			);
			runOnlyForDeploymentPostprocessing = 0;
		};
/* End PBXSourcesBuildPhase section */

/* Begin PBXVariantGroup section */
		6E3538D62450806400F6E79D /* Main.storyboard */ = {
			isa = PBXVariantGroup;
			children = (
				6E3538D72450806400F6E79D /* Base */,
			);
			name = Main.storyboard;
			sourceTree = "<group>";
		};
/* End PBXVariantGroup section */

/* Begin XCBuildConfiguration section */
		6E3538DF2450806900F6E79D /* Debug */ = {
			isa = XCBuildConfiguration;
			buildSettings = {
				ALWAYS_SEARCH_USER_PATHS = NO;
				CLANG_ANALYZER_NONNULL = YES;
				CLANG_ANALYZER_NUMBER_OBJECT_CONVERSION = YES_AGGRESSIVE;
				CLANG_CXX_LANGUAGE_STANDARD = "gnu++14";
				CLANG_CXX_LIBRARY = "libc++";
				CLANG_ENABLE_MODULES = YES;
				CLANG_ENABLE_OBJC_ARC = YES;
				CLANG_ENABLE_OBJC_WEAK = YES;
				CLANG_WARN_BLOCK_CAPTURE_AUTORELEASING = YES;
				CLANG_WARN_BOOL_CONVERSION = YES;
				CLANG_WARN_COMMA = YES;
				CLANG_WARN_CONSTANT_CONVERSION = YES;
				CLANG_WARN_DEPRECATED_OBJC_IMPLEMENTATIONS = YES;
				CLANG_WARN_DIRECT_OBJC_ISA_USAGE = YES_ERROR;
				CLANG_WARN_DOCUMENTATION_COMMENTS = YES;
				CLANG_WARN_EMPTY_BODY = YES;
				CLANG_WARN_ENUM_CONVERSION = YES;
				CLANG_WARN_INFINITE_RECURSION = YES;
				CLANG_WARN_INT_CONVERSION = YES;
				CLANG_WARN_NON_LITERAL_NULL_CONVERSION = YES;
				CLANG_WARN_OBJC_IMPLICIT_RETAIN_SELF = YES;
				CLANG_WARN_OBJC_LITERAL_CONVERSION = YES;
				CLANG_WARN_OBJC_ROOT_CLASS = YES_ERROR;
				CLANG_WARN_RANGE_LOOP_ANALYSIS = YES;
				CLANG_WARN_STRICT_PROTOTYPES = YES;
				CLANG_WARN_SUSPICIOUS_MOVE = YES;
				CLANG_WARN_UNGUARDED_AVAILABILITY = YES_AGGRESSIVE;
				CLANG_WARN_UNREACHABLE_CODE = YES;
				CLANG_WARN__DUPLICATE_METHOD_MATCH = YES;
				COPY_PHASE_STRIP = NO;
				DEBUG_INFORMATION_FORMAT = dwarf;
				ENABLE_STRICT_OBJC_MSGSEND = YES;
				ENABLE_TESTABILITY = YES;
				GCC_C_LANGUAGE_STANDARD = gnu11;
				GCC_DYNAMIC_NO_PIC = NO;
				GCC_NO_COMMON_BLOCKS = YES;
				GCC_OPTIMIZATION_LEVEL = 0;
				GCC_PREPROCESSOR_DEFINITIONS = (
					"DEBUG=1",
					"$(inherited)",
				);
				GCC_WARN_64_TO_32_BIT_CONVERSION = YES;
				GCC_WARN_ABOUT_RETURN_TYPE = YES_ERROR;
				GCC_WARN_UNDECLARED_SELECTOR = YES;
				GCC_WARN_UNINITIALIZED_AUTOS = YES_AGGRESSIVE;
				GCC_WARN_UNUSED_FUNCTION = YES;
				GCC_WARN_UNUSED_VARIABLE = YES;
				IPHONEOS_DEPLOYMENT_TARGET = 13.4;
				MTL_ENABLE_DEBUG_INFO = INCLUDE_SOURCE;
				MTL_FAST_MATH = YES;
				ONLY_ACTIVE_ARCH = YES;
				SDKROOT = iphoneos;
				SWIFT_ACTIVE_COMPILATION_CONDITIONS = DEBUG;
				SWIFT_OPTIMIZATION_LEVEL = "-Onone";
			};
			name = Debug;
		};
		6E3538E02450806900F6E79D /* Release */ = {
			isa = XCBuildConfiguration;
			buildSettings = {
				ALWAYS_SEARCH_USER_PATHS = NO;
				CLANG_ANALYZER_NONNULL = YES;
				CLANG_ANALYZER_NUMBER_OBJECT_CONVERSION = YES_AGGRESSIVE;
				CLANG_CXX_LANGUAGE_STANDARD = "gnu++14";
				CLANG_CXX_LIBRARY = "libc++";
				CLANG_ENABLE_MODULES = YES;
				CLANG_ENABLE_OBJC_ARC = YES;
				CLANG_ENABLE_OBJC_WEAK = YES;
				CLANG_WARN_BLOCK_CAPTURE_AUTORELEASING = YES;
				CLANG_WARN_BOOL_CONVERSION = YES;
				CLANG_WARN_COMMA = YES;
				CLANG_WARN_CONSTANT_CONVERSION = YES;
				CLANG_WARN_DEPRECATED_OBJC_IMPLEMENTATIONS = YES;
				CLANG_WARN_DIRECT_OBJC_ISA_USAGE = YES_ERROR;
				CLANG_WARN_DOCUMENTATION_COMMENTS = YES;
				CLANG_WARN_EMPTY_BODY = YES;
				CLANG_WARN_ENUM_CONVERSION = YES;
				CLANG_WARN_INFINITE_RECURSION = YES;
				CLANG_WARN_INT_CONVERSION = YES;
				CLANG_WARN_NON_LITERAL_NULL_CONVERSION = YES;
				CLANG_WARN_OBJC_IMPLICIT_RETAIN_SELF = YES;
				CLANG_WARN_OBJC_LITERAL_CONVERSION = YES;
				CLANG_WARN_OBJC_ROOT_CLASS = YES_ERROR;
				CLANG_WARN_RANGE_LOOP_ANALYSIS = YES;
				CLANG_WARN_STRICT_PROTOTYPES = YES;
				CLANG_WARN_SUSPICIOUS_MOVE = YES;
				CLANG_WARN_UNGUARDED_AVAILABILITY = YES_AGGRESSIVE;
				CLANG_WARN_UNREACHABLE_CODE = YES;
				CLANG_WARN__DUPLICATE_METHOD_MATCH = YES;
				COPY_PHASE_STRIP = NO;
				DEBUG_INFORMATION_FORMAT = "dwarf-with-dsym";
				ENABLE_NS_ASSERTIONS = NO;
				ENABLE_STRICT_OBJC_MSGSEND = YES;
				GCC_C_LANGUAGE_STANDARD = gnu11;
				GCC_NO_COMMON_BLOCKS = YES;
				GCC_WARN_64_TO_32_BIT_CONVERSION = YES;
				GCC_WARN_ABOUT_RETURN_TYPE = YES_ERROR;
				GCC_WARN_UNDECLARED_SELECTOR = YES;
				GCC_WARN_UNINITIALIZED_AUTOS = YES_AGGRESSIVE;
				GCC_WARN_UNUSED_FUNCTION = YES;
				GCC_WARN_UNUSED_VARIABLE = YES;
				IPHONEOS_DEPLOYMENT_TARGET = 13.4;
				MTL_ENABLE_DEBUG_INFO = NO;
				MTL_FAST_MATH = YES;
				SDKROOT = iphoneos;
				SWIFT_COMPILATION_MODE = wholemodule;
				SWIFT_OPTIMIZATION_LEVEL = "-O";
				VALIDATE_PRODUCT = YES;
			};
			name = Release;
		};
		6E3538E22450806900F6E79D /* Debug */ = {
			isa = XCBuildConfiguration;
			baseConfigurationReference = FB3D10DAD8CD3A8B87575037 /* Pods-breakpoint.debug.xcconfig */;
			buildSettings = {
				ASSETCATALOG_COMPILER_APPICON_NAME = AppIcon;
				CODE_SIGN_STYLE = Automatic;
				INFOPLIST_FILE = breakpoint/Info.plist;
				LD_RUNPATH_SEARCH_PATHS = (
					"$(inherited)",
					"@executable_path/Frameworks",
				);
				PRODUCT_BUNDLE_IDENTIFIER = com.chriswm.breakpoint;
				PRODUCT_NAME = Breakpoint;
				SWIFT_VERSION = 5.0;
				TARGETED_DEVICE_FAMILY = "1,2";
			};
			name = Debug;
		};
		6E3538E32450806900F6E79D /* Release */ = {
			isa = XCBuildConfiguration;
			baseConfigurationReference = 7498B98862C1752113A7B465 /* Pods-breakpoint.release.xcconfig */;
			buildSettings = {
				ASSETCATALOG_COMPILER_APPICON_NAME = AppIcon;
				CODE_SIGN_STYLE = Automatic;
				INFOPLIST_FILE = breakpoint/Info.plist;
				LD_RUNPATH_SEARCH_PATHS = (
					"$(inherited)",
					"@executable_path/Frameworks",
				);
				PRODUCT_BUNDLE_IDENTIFIER = com.chriswm.breakpoint;
				PRODUCT_NAME = Breakpoint;
				SWIFT_VERSION = 5.0;
				TARGETED_DEVICE_FAMILY = "1,2";
			};
			name = Release;
		};
/* End XCBuildConfiguration section */

/* Begin XCConfigurationList section */
		6E3538C62450806400F6E79D /* Build configuration list for PBXProject "breakpoint" */ = {
			isa = XCConfigurationList;
			buildConfigurations = (
				6E3538DF2450806900F6E79D /* Debug */,
				6E3538E02450806900F6E79D /* Release */,
			);
			defaultConfigurationIsVisible = 0;
			defaultConfigurationName = Release;
		};
		6E3538E12450806900F6E79D /* Build configuration list for PBXNativeTarget "breakpoint" */ = {
			isa = XCConfigurationList;
			buildConfigurations = (
				6E3538E22450806900F6E79D /* Debug */,
				6E3538E32450806900F6E79D /* Release */,
			);
			defaultConfigurationIsVisible = 0;
			defaultConfigurationName = Release;
		};
/* End XCConfigurationList section */
	};
	rootObject = 6E3538C32450806400F6E79D /* Project object */;
}
